
Microsoft Visual Studio Solution File, Format Version 12.00
# Visual Studio 15
VisualStudioVersion = 15.0.26403.7
MinimumVisualStudioVersion = 10.0.40219.1
Project("{FAE04EC0-301F-11D3-BF4B-00C04F79EFBC}") = "Adapter", "Adapter\Adapter.csproj", "{7C5FF9BE-7B17-4912-8A92-803594AF10BE}"
EndProject
Project("{FAE04EC0-301F-11D3-BF4B-00C04F79EFBC}") = "AdapterTests", "AdapterTests\AdapterTests.csproj", "{47756EBD-446A-4DA6-BF8A-441E673DF507}"
EndProject
Global
	GlobalSection(SolutionConfigurationPlatforms) = preSolution
		Debug|Any CPU = Debug|Any CPU
		Release|Any CPU = Release|Any CPU
	EndGlobalSection
	GlobalSection(ProjectConfigurationPlatforms) = postSolution
		{7C5FF9BE-7B17-4912-8A92-803594AF10BE}.Debug|Any CPU.ActiveCfg = Debug|Any CPU
		{7C5FF9BE-7B17-4912-8A92-803594AF10BE}.Debug|Any CPU.Build.0 = Debug|Any CPU
		{7C5FF9BE-7B17-4912-8A92-803594AF10BE}.Release|Any CPU.ActiveCfg = Release|Any CPU
		{7C5FF9BE-7B17-4912-8A92-803594AF10BE}.Release|Any CPU.Build.0 = Release|Any CPU
		{47756EBD-446A-4DA6-BF8A-441E673DF507}.Debug|Any CPU.ActiveCfg = Debug|Any CPU
		{47756EBD-446A-4DA6-BF8A-441E673DF507}.Debug|Any CPU.Build.0 = Debug|Any CPU
		{47756EBD-446A-4DA6-BF8A-441E673DF507}.Release|Any CPU.ActiveCfg = Release|Any CPU
		{47756EBD-446A-4DA6-BF8A-441E673DF507}.Release|Any CPU.Build.0 = Release|Any CPU
	EndGlobalSection
	GlobalSection(SolutionProperties) = preSolution
		HideSolutionNode = FALSE
	EndGlobalSection
EndGlobal
